{
  "requires": true,
  "lockfileVersion": 1,
  "dependencies": {
    "@fortawesome/fontawesome": {
      "version": "1.1.6",
      "resolved": "https://registry.npmjs.org/@fortawesome/fontawesome/-/fontawesome-1.1.6.tgz",
      "integrity": "sha512-APKNXdzrc+2pbiFx5UFGhRKqA6GaoUhthDdYfKZsGpNmJOMQkLji/9/0V2iSRPWryvWTeZ8UKjgKeFCIX3E6SA==",
      "requires": {
        "@fortawesome/fontawesome-common-types": "0.1.5"
      }
    },
    "@fortawesome/fontawesome-common-types": {
      "version": "0.1.5",
      "resolved": "https://registry.npmjs.org/@fortawesome/fontawesome-common-types/-/fontawesome-common-types-0.1.5.tgz",
      "integrity": "sha512-ObTR4fg6oXQN+bV/Wd9NeizzXQ+1PPMjzv702tB7Kgxp1sIcb/WH1OQm36f5/NrMsg1Wod7eP4UVQGDkzqYPDw=="
    },
    "@fortawesome/vue-fontawesome": {
      "version": "0.0.22",
      "resolved": "https://registry.npmjs.org/@fortawesome/vue-fontawesome/-/vue-fontawesome-0.0.22.tgz",
      "integrity": "sha512-KKQ1hVTWkXRaSGVMNI/dZsznVJIZ8dqLA2J6X8nZAIg7F2Gs1zIzBC9qxOKm+gktFAJU2aCCR7BTCoZIdjvGNw=="
    }
  }
}
